// !$*UTF8*$!
{
	archiveVersion = 1;
	classes = {
	};
	objectVersion = 50;
	objects = {

/* Begin PBXBuildFile section */
		7642B8A726FDB8A500489E81 /* TitleDisplaying.swift in Sources */ = {isa = PBXBuildFile; fileRef = 7642B8A626FDB8A500489E81 /* TitleDisplaying.swift */; };
		7642B8AB26FDC10800489E81 /* UIView+Constraints.swift in Sources */ = {isa = PBXBuildFile; fileRef = 7642B8AA26FDC10800489E81 /* UIView+Constraints.swift */; };
		7642B8AF26FDF54100489E81 /* Displaying.swift in Sources */ = {isa = PBXBuildFile; fileRef = 7642B8AE26FDF54100489E81 /* Displaying.swift */; };
		7642B8B226FDF62100489E81 /* LabelItem.swift in Sources */ = {isa = PBXBuildFile; fileRef = 7642B8B126FDF62100489E81 /* LabelItem.swift */; };
		7642B8B426FDF65500489E81 /* LabelCell.swift in Sources */ = {isa = PBXBuildFile; fileRef = 7642B8B326FDF65500489E81 /* LabelCell.swift */; };
		7642B8B626FDF69000489E81 /* LabelHeaderFooter.swift in Sources */ = {isa = PBXBuildFile; fileRef = 7642B8B526FDF69000489E81 /* LabelHeaderFooter.swift */; };
		7642B8B826FDF6D100489E81 /* LabelItem+CellDisplaying.swift in Sources */ = {isa = PBXBuildFile; fileRef = 7642B8B726FDF6D100489E81 /* LabelItem+CellDisplaying.swift */; };
		7642B8BA26FDF70400489E81 /* LabelItem+HeaderFooterDisplaying.swift in Sources */ = {isa = PBXBuildFile; fileRef = 7642B8B926FDF70400489E81 /* LabelItem+HeaderFooterDisplaying.swift */; };
		76A77C4C26DA3B79007AD999 /* TableDisplay.swift in Sources */ = {isa = PBXBuildFile; fileRef = 76A77C4B26DA3B79007AD999 /* TableDisplay.swift */; };
		76A77C4E26DA5E21007AD999 /* LabelView.swift in Sources */ = {isa = PBXBuildFile; fileRef = 76A77C4D26DA5E21007AD999 /* LabelView.swift */; };
		76C52DBA26DA38D600853812 /* TableSectionItem.swift in Sources */ = {isa = PBXBuildFile; fileRef = 76C52DB926DA38D600853812 /* TableSectionItem.swift */; };
		76ED8D7026D8D8B2002FD6EF /* AppDelegate.swift in Sources */ = {isa = PBXBuildFile; fileRef = 76ED8D6F26D8D8B2002FD6EF /* AppDelegate.swift */; };
		76ED8D7226D8D8B2002FD6EF /* SceneDelegate.swift in Sources */ = {isa = PBXBuildFile; fileRef = 76ED8D7126D8D8B2002FD6EF /* SceneDelegate.swift */; };
		76ED8D7926D8D8B4002FD6EF /* Assets.xcassets in Resources */ = {isa = PBXBuildFile; fileRef = 76ED8D7826D8D8B4002FD6EF /* Assets.xcassets */; };
		BCA5435F26FD9C8200975AFE /* Presenting.swift in Sources */ = {isa = PBXBuildFile; fileRef = BCA5435E26FD9C8200975AFE /* Presenting.swift */; };
		BCA5436126FDAE3400975AFE /* ReuseIdentifiable.swift in Sources */ = {isa = PBXBuildFile; fileRef = BCA5436026FDAE3400975AFE /* ReuseIdentifiable.swift */; };
		BCA5436326FDB1B800975AFE /* DemoScreenPresenter.swift in Sources */ = {isa = PBXBuildFile; fileRef = BCA5436226FDB1B800975AFE /* DemoScreenPresenter.swift */; };
		BCA5436A26FDE01200975AFE /* NavigationItem.swift in Sources */ = {isa = PBXBuildFile; fileRef = BCA5436926FDE01200975AFE /* NavigationItem.swift */; };
		BCA5436C26FDE09D00975AFE /* NavigationItemDisplaying.swift in Sources */ = {isa = PBXBuildFile; fileRef = BCA5436B26FDE09D00975AFE /* NavigationItemDisplaying.swift */; };
/* End PBXBuildFile section */

/* Begin PBXFileReference section */
		7642B8A626FDB8A500489E81 /* TitleDisplaying.swift */ = {isa = PBXFileReference; lastKnownFileType = sourcecode.swift; path = TitleDisplaying.swift; sourceTree = "<group>"; };
		7642B8AA26FDC10800489E81 /* UIView+Constraints.swift */ = {isa = PBXFileReference; lastKnownFileType = sourcecode.swift; path = "UIView+Constraints.swift"; sourceTree = "<group>"; };
		7642B8AE26FDF54100489E81 /* Displaying.swift */ = {isa = PBXFileReference; lastKnownFileType = sourcecode.swift; path = Displaying.swift; sourceTree = "<group>"; };
		7642B8B126FDF62100489E81 /* LabelItem.swift */ = {isa = PBXFileReference; lastKnownFileType = sourcecode.swift; path = LabelItem.swift; sourceTree = "<group>"; };
		7642B8B326FDF65500489E81 /* LabelCell.swift */ = {isa = PBXFileReference; lastKnownFileType = sourcecode.swift; path = LabelCell.swift; sourceTree = "<group>"; };
		7642B8B526FDF69000489E81 /* LabelHeaderFooter.swift */ = {isa = PBXFileReference; lastKnownFileType = sourcecode.swift; path = LabelHeaderFooter.swift; sourceTree = "<group>"; };
		7642B8B726FDF6D100489E81 /* LabelItem+CellDisplaying.swift */ = {isa = PBXFileReference; lastKnownFileType = sourcecode.swift; path = "LabelItem+CellDisplaying.swift"; sourceTree = "<group>"; };
		7642B8B926FDF70400489E81 /* LabelItem+HeaderFooterDisplaying.swift */ = {isa = PBXFileReference; lastKnownFileType = sourcecode.swift; path = "LabelItem+HeaderFooterDisplaying.swift"; sourceTree = "<group>"; };
		76A77C4B26DA3B79007AD999 /* TableDisplay.swift */ = {isa = PBXFileReference; lastKnownFileType = sourcecode.swift; path = TableDisplay.swift; sourceTree = "<group>"; };
		76A77C4D26DA5E21007AD999 /* LabelView.swift */ = {isa = PBXFileReference; lastKnownFileType = sourcecode.swift; path = LabelView.swift; sourceTree = "<group>"; };
		76C52DB926DA38D600853812 /* TableSectionItem.swift */ = {isa = PBXFileReference; fileEncoding = 4; lastKnownFileType = sourcecode.swift; path = TableSectionItem.swift; sourceTree = "<group>"; };
		76ED8D6C26D8D8B2002FD6EF /* MVP.app */ = {isa = PBXFileReference; explicitFileType = wrapper.application; includeInIndex = 0; path = MVP.app; sourceTree = BUILT_PRODUCTS_DIR; };
		76ED8D6F26D8D8B2002FD6EF /* AppDelegate.swift */ = {isa = PBXFileReference; lastKnownFileType = sourcecode.swift; path = AppDelegate.swift; sourceTree = "<group>"; };
		76ED8D7126D8D8B2002FD6EF /* SceneDelegate.swift */ = {isa = PBXFileReference; lastKnownFileType = sourcecode.swift; path = SceneDelegate.swift; sourceTree = "<group>"; };
		76ED8D7826D8D8B4002FD6EF /* Assets.xcassets */ = {isa = PBXFileReference; lastKnownFileType = folder.assetcatalog; path = Assets.xcassets; sourceTree = "<group>"; };
		76ED8D7D26D8D8B4002FD6EF /* Info.plist */ = {isa = PBXFileReference; lastKnownFileType = text.plist.xml; path = Info.plist; sourceTree = "<group>"; };
		BCA5435E26FD9C8200975AFE /* Presenting.swift */ = {isa = PBXFileReference; lastKnownFileType = sourcecode.swift; path = Presenting.swift; sourceTree = "<group>"; };
		BCA5436026FDAE3400975AFE /* ReuseIdentifiable.swift */ = {isa = PBXFileReference; lastKnownFileType = sourcecode.swift; path = ReuseIdentifiable.swift; sourceTree = "<group>"; };
		BCA5436226FDB1B800975AFE /* DemoScreenPresenter.swift */ = {isa = PBXFileReference; lastKnownFileType = sourcecode.swift; path = DemoScreenPresenter.swift; sourceTree = "<group>"; };
		BCA5436926FDE01200975AFE /* NavigationItem.swift */ = {isa = PBXFileReference; lastKnownFileType = sourcecode.swift; path = NavigationItem.swift; sourceTree = "<group>"; };
		BCA5436B26FDE09D00975AFE /* NavigationItemDisplaying.swift */ = {isa = PBXFileReference; lastKnownFileType = sourcecode.swift; path = NavigationItemDisplaying.swift; sourceTree = "<group>"; };
/* End PBXFileReference section */

/* Begin PBXFrameworksBuildPhase section */
		76ED8D6926D8D8B2002FD6EF /* Frameworks */ = {
			isa = PBXFrameworksBuildPhase;
			buildActionMask = 2147483647;
			files = (
			);
			runOnlyForDeploymentPostprocessing = 0;
		};
/* End PBXFrameworksBuildPhase section */

/* Begin PBXGroup section */
		7642B8A926FDBDED00489E81 /* Utilities */ = {
			isa = PBXGroup;
			children = (
				76C52DB926DA38D600853812 /* TableSectionItem.swift */,
				BCA5436026FDAE3400975AFE /* ReuseIdentifiable.swift */,
				7642B8AA26FDC10800489E81 /* UIView+Constraints.swift */,
			);
			path = Utilities;
			sourceTree = "<group>";
		};
		7642B8AC26FDC6F300489E81 /* Main */ = {
			isa = PBXGroup;
			children = (
				76ED8D6F26D8D8B2002FD6EF /* AppDelegate.swift */,
				76ED8D7126D8D8B2002FD6EF /* SceneDelegate.swift */,
			);
			path = Main;
			sourceTree = "<group>";
		};
		7642B8AD26FDF52100489E81 /* Display */ = {
			isa = PBXGroup;
			children = (
				7642B8AE26FDF54100489E81 /* Displaying.swift */,
				7642B8B026FDF5B300489E81 /* Label */,
				7642B8BB26FDFAD700489E81 /* NavigationItem */,
				7642B8BD26FDFB2900489E81 /* Table */,
				7642B8BC26FDFB1000489E81 /* Title */,
			);
			path = Display;
			sourceTree = "<group>";
		};
		7642B8B026FDF5B300489E81 /* Label */ = {
			isa = PBXGroup;
			children = (
				7642B8B126FDF62100489E81 /* LabelItem.swift */,
				76A77C4D26DA5E21007AD999 /* LabelView.swift */,
				7642B8B326FDF65500489E81 /* LabelCell.swift */,
				7642B8B526FDF69000489E81 /* LabelHeaderFooter.swift */,
				7642B8B726FDF6D100489E81 /* LabelItem+CellDisplaying.swift */,
				7642B8B926FDF70400489E81 /* LabelItem+HeaderFooterDisplaying.swift */,
			);
			path = Label;
			sourceTree = "<group>";
		};
		7642B8BB26FDFAD700489E81 /* NavigationItem */ = {
			isa = PBXGroup;
			children = (
				BCA5436926FDE01200975AFE /* NavigationItem.swift */,
				BCA5436B26FDE09D00975AFE /* NavigationItemDisplaying.swift */,
			);
			path = NavigationItem;
			sourceTree = "<group>";
		};
		7642B8BC26FDFB1000489E81 /* Title */ = {
			isa = PBXGroup;
			children = (
				7642B8A626FDB8A500489E81 /* TitleDisplaying.swift */,
			);
			path = Title;
			sourceTree = "<group>";
		};
		7642B8BD26FDFB2900489E81 /* Table */ = {
			isa = PBXGroup;
			children = (
				76A77C4B26DA3B79007AD999 /* TableDisplay.swift */,
			);
			path = Table;
			sourceTree = "<group>";
		};
		7642B8BE26FDFB5100489E81 /* Presenter */ = {
			isa = PBXGroup;
			children = (
				BCA5435E26FD9C8200975AFE /* Presenting.swift */,
			);
			path = Presenter;
			sourceTree = "<group>";
		};
		7642B8BF26FDFB8800489E81 /* Screens */ = {
			isa = PBXGroup;
			children = (
				7642B8C026FDFBA100489E81 /* Demo */,
			);
			path = Screens;
			sourceTree = "<group>";
		};
		7642B8C026FDFBA100489E81 /* Demo */ = {
			isa = PBXGroup;
			children = (
				BCA5436226FDB1B800975AFE /* DemoScreenPresenter.swift */,
			);
			path = Demo;
			sourceTree = "<group>";
		};
		76ED8D6326D8D8B2002FD6EF = {
			isa = PBXGroup;
			children = (
				76ED8D6E26D8D8B2002FD6EF /* MVP */,
				76ED8D6D26D8D8B2002FD6EF /* Products */,
			);
			sourceTree = "<group>";
		};
		76ED8D6D26D8D8B2002FD6EF /* Products */ = {
			isa = PBXGroup;
			children = (
				76ED8D6C26D8D8B2002FD6EF /* MVP.app */,
			);
			name = Products;
			sourceTree = "<group>";
		};
		76ED8D6E26D8D8B2002FD6EF /* MVP */ = {
			isa = PBXGroup;
			children = (
				7642B8BF26FDFB8800489E81 /* Screens */,
				7642B8AC26FDC6F300489E81 /* Main */,
				7642B8BE26FDFB5100489E81 /* Presenter */,
				7642B8AD26FDF52100489E81 /* Display */,
				7642B8A926FDBDED00489E81 /* Utilities */,
				76ED8D7826D8D8B4002FD6EF /* Assets.xcassets */,
				76ED8D7D26D8D8B4002FD6EF /* Info.plist */,
			);
			path = MVP;
			sourceTree = "<group>";
		};
/* End PBXGroup section */

/* Begin PBXNativeTarget section */
		76ED8D6B26D8D8B2002FD6EF /* MVP */ = {
			isa = PBXNativeTarget;
			buildConfigurationList = 76ED8D8026D8D8B4002FD6EF /* Build configuration list for PBXNativeTarget "MVP" */;
			buildPhases = (
				76ED8D6826D8D8B2002FD6EF /* Sources */,
				76ED8D6926D8D8B2002FD6EF /* Frameworks */,
				76ED8D6A26D8D8B2002FD6EF /* Resources */,
				76C52DB826DA386700853812 /* Format */,
				7642B8C126FE023E00489E81 /* Lint */,
			);
			buildRules = (
			);
			dependencies = (
			);
			name = MVP;
			productName = MVP;
			productReference = 76ED8D6C26D8D8B2002FD6EF /* MVP.app */;
			productType = "com.apple.product-type.application";
		};
/* End PBXNativeTarget section */

/* Begin PBXProject section */
		76ED8D6426D8D8B2002FD6EF /* Project object */ = {
			isa = PBXProject;
			attributes = {
				LastSwiftUpdateCheck = 1250;
				LastUpgradeCheck = 1250;
				TargetAttributes = {
					76ED8D6B26D8D8B2002FD6EF = {
						CreatedOnToolsVersion = 12.5.1;
					};
				};
			};
			buildConfigurationList = 76ED8D6726D8D8B2002FD6EF /* Build configuration list for PBXProject "MVP" */;
			compatibilityVersion = "Xcode 9.3";
			developmentRegion = en;
			hasScannedForEncodings = 0;
			knownRegions = (
				en,
				Base,
			);
			mainGroup = 76ED8D6326D8D8B2002FD6EF;
			productRefGroup = 76ED8D6D26D8D8B2002FD6EF /* Products */;
			projectDirPath = "";
			projectRoot = "";
			targets = (
				76ED8D6B26D8D8B2002FD6EF /* MVP */,
			);
		};
/* End PBXProject section */

/* Begin PBXResourcesBuildPhase section */
		76ED8D6A26D8D8B2002FD6EF /* Resources */ = {
			isa = PBXResourcesBuildPhase;
			buildActionMask = 2147483647;
			files = (
				76ED8D7926D8D8B4002FD6EF /* Assets.xcassets in Resources */,
			);
			runOnlyForDeploymentPostprocessing = 0;
		};
/* End PBXResourcesBuildPhase section */

/* Begin PBXShellScriptBuildPhase section */
		7642B8C126FE023E00489E81 /* Lint */ = {
			isa = PBXShellScriptBuildPhase;
			buildActionMask = 2147483647;
			files = (
			);
			inputFileListPaths = (
			);
			inputPaths = (
			);
			name = Lint;
			outputFileListPaths = (
			);
			outputPaths = (
			);
			runOnlyForDeploymentPostprocessing = 0;
			shellPath = /bin/sh;
			shellScript = "export PATH=\"/opt/homebrew/bin:$PATH\"\nif which swift-format >/dev/null; then\n    swift-format -m lint -r ./ --configuration swift-format.json\nelse\n    echo \"warning: swift-format not installed\"\nfi\n\n";
		};
		76C52DB826DA386700853812 /* Format */ = {
			isa = PBXShellScriptBuildPhase;
			buildActionMask = 2147483647;
			files = (
			);
			inputFileListPaths = (
			);
			inputPaths = (
			);
			name = Format;
			outputFileListPaths = (
			);
			outputPaths = (
			);
			runOnlyForDeploymentPostprocessing = 0;
			shellPath = /bin/sh;
			shellScript = "export PATH=\"/opt/homebrew/bin:$PATH\"\nif which swiftformat >/dev/null; then\n  swiftformat .\nelse\n  echo \"warning: SwiftFormat not installed, download from https://github.com/nicklockwood/SwiftFormat\"\nfi\n";
		};
/* End PBXShellScriptBuildPhase section */

/* Begin PBXSourcesBuildPhase section */
		76ED8D6826D8D8B2002FD6EF /* Sources */ = {
			isa = PBXSourcesBuildPhase;
			buildActionMask = 2147483647;
			files = (
				BCA5436326FDB1B800975AFE /* DemoScreenPresenter.swift in Sources */,
				76A77C4C26DA3B79007AD999 /* TableDisplay.swift in Sources */,
				76ED8D7026D8D8B2002FD6EF /* AppDelegate.swift in Sources */,
				76C52DBA26DA38D600853812 /* TableSectionItem.swift in Sources */,
				7642B8B826FDF6D100489E81 /* LabelItem+CellDisplaying.swift in Sources */,
				BCA5436C26FDE09D00975AFE /* NavigationItemDisplaying.swift in Sources */,
				BCA5436126FDAE3400975AFE /* ReuseIdentifiable.swift in Sources */,
				7642B8BA26FDF70400489E81 /* LabelItem+HeaderFooterDisplaying.swift in Sources */,
				BCA5436A26FDE01200975AFE /* NavigationItem.swift in Sources */,
				76A77C4E26DA5E21007AD999 /* LabelView.swift in Sources */,
				BCA5435F26FD9C8200975AFE /* Presenting.swift in Sources */,
				7642B8B226FDF62100489E81 /* LabelItem.swift in Sources */,
				7642B8B626FDF69000489E81 /* LabelHeaderFooter.swift in Sources */,
				7642B8AF26FDF54100489E81 /* Displaying.swift in Sources */,
				7642B8AB26FDC10800489E81 /* UIView+Constraints.swift in Sources */,
				7642B8A726FDB8A500489E81 /* TitleDisplaying.swift in Sources */,
				7642B8B426FDF65500489E81 /* LabelCell.swift in Sources */,
				76ED8D7226D8D8B2002FD6EF /* SceneDelegate.swift in Sources */,
			);
			runOnlyForDeploymentPostprocessing = 0;
		};
/* End PBXSourcesBuildPhase section */

/* Begin XCBuildConfiguration section */
		76ED8D7E26D8D8B4002FD6EF /* Debug */ = {
			isa = XCBuildConfiguration;
			buildSettings = {
				ALWAYS_SEARCH_USER_PATHS = NO;
				CLANG_ANALYZER_NONNULL = YES;
				CLANG_ANALYZER_NUMBER_OBJECT_CONVERSION = YES_AGGRESSIVE;
				CLANG_CXX_LANGUAGE_STANDARD = "gnu++14";
				CLANG_CXX_LIBRARY = "libc++";
				CLANG_ENABLE_MODULES = YES;
				CLANG_ENABLE_OBJC_ARC = YES;
				CLANG_ENABLE_OBJC_WEAK = YES;
				CLANG_WARN_BLOCK_CAPTURE_AUTORELEASING = YES;
				CLANG_WARN_BOOL_CONVERSION = YES;
				CLANG_WARN_COMMA = YES;
				CLANG_WARN_CONSTANT_CONVERSION = YES;
				CLANG_WARN_DEPRECATED_OBJC_IMPLEMENTATIONS = YES;
				CLANG_WARN_DIRECT_OBJC_ISA_USAGE = YES_ERROR;
				CLANG_WARN_DOCUMENTATION_COMMENTS = YES;
				CLANG_WARN_EMPTY_BODY = YES;
				CLANG_WARN_ENUM_CONVERSION = YES;
				CLANG_WARN_INFINITE_RECURSION = YES;
				CLANG_WARN_INT_CONVERSION = YES;
				CLANG_WARN_NON_LITERAL_NULL_CONVERSION = YES;
				CLANG_WARN_OBJC_IMPLICIT_RETAIN_SELF = YES;
				CLANG_WARN_OBJC_LITERAL_CONVERSION = YES;
				CLANG_WARN_OBJC_ROOT_CLASS = YES_ERROR;
				CLANG_WARN_QUOTED_INCLUDE_IN_FRAMEWORK_HEADER = YES;
				CLANG_WARN_RANGE_LOOP_ANALYSIS = YES;
				CLANG_WARN_STRICT_PROTOTYPES = YES;
				CLANG_WARN_SUSPICIOUS_MOVE = YES;
				CLANG_WARN_UNGUARDED_AVAILABILITY = YES_AGGRESSIVE;
				CLANG_WARN_UNREACHABLE_CODE = YES;
				CLANG_WARN__DUPLICATE_METHOD_MATCH = YES;
				COPY_PHASE_STRIP = NO;
				DEBUG_INFORMATION_FORMAT = dwarf;
				ENABLE_STRICT_OBJC_MSGSEND = YES;
				ENABLE_TESTABILITY = YES;
				GCC_C_LANGUAGE_STANDARD = gnu11;
				GCC_DYNAMIC_NO_PIC = NO;
				GCC_NO_COMMON_BLOCKS = YES;
				GCC_OPTIMIZATION_LEVEL = 0;
				GCC_PREPROCESSOR_DEFINITIONS = (
					"DEBUG=1",
					"$(inherited)",
				);
				GCC_WARN_64_TO_32_BIT_CONVERSION = YES;
				GCC_WARN_ABOUT_RETURN_TYPE = YES_ERROR;
				GCC_WARN_UNDECLARED_SELECTOR = YES;
				GCC_WARN_UNINITIALIZED_AUTOS = YES_AGGRESSIVE;
				GCC_WARN_UNUSED_FUNCTION = YES;
				GCC_WARN_UNUSED_VARIABLE = YES;
				IPHONEOS_DEPLOYMENT_TARGET = 14.5;
				MTL_ENABLE_DEBUG_INFO = INCLUDE_SOURCE;
				MTL_FAST_MATH = YES;
				ONLY_ACTIVE_ARCH = YES;
				SDKROOT = iphoneos;
				SWIFT_ACTIVE_COMPILATION_CONDITIONS = DEBUG;
				SWIFT_OPTIMIZATION_LEVEL = "-Onone";
			};
			name = Debug;
		};
		76ED8D7F26D8D8B4002FD6EF /* Release */ = {
			isa = XCBuildConfiguration;
			buildSettings = {
				ALWAYS_SEARCH_USER_PATHS = NO;
				CLANG_ANALYZER_NONNULL = YES;
				CLANG_ANALYZER_NUMBER_OBJECT_CONVERSION = YES_AGGRESSIVE;
				CLANG_CXX_LANGUAGE_STANDARD = "gnu++14";
				CLANG_CXX_LIBRARY = "libc++";
				CLANG_ENABLE_MODULES = YES;
				CLANG_ENABLE_OBJC_ARC = YES;
				CLANG_ENABLE_OBJC_WEAK = YES;
				CLANG_WARN_BLOCK_CAPTURE_AUTORELEASING = YES;
				CLANG_WARN_BOOL_CONVERSION = YES;
				CLANG_WARN_COMMA = YES;
				CLANG_WARN_CONSTANT_CONVERSION = YES;
				CLANG_WARN_DEPRECATED_OBJC_IMPLEMENTATIONS = YES;
				CLANG_WARN_DIRECT_OBJC_ISA_USAGE = YES_ERROR;
				CLANG_WARN_DOCUMENTATION_COMMENTS = YES;
				CLANG_WARN_EMPTY_BODY = YES;
				CLANG_WARN_ENUM_CONVERSION = YES;
				CLANG_WARN_INFINITE_RECURSION = YES;
				CLANG_WARN_INT_CONVERSION = YES;
				CLANG_WARN_NON_LITERAL_NULL_CONVERSION = YES;
				CLANG_WARN_OBJC_IMPLICIT_RETAIN_SELF = YES;
				CLANG_WARN_OBJC_LITERAL_CONVERSION = YES;
				CLANG_WARN_OBJC_ROOT_CLASS = YES_ERROR;
				CLANG_WARN_QUOTED_INCLUDE_IN_FRAMEWORK_HEADER = YES;
				CLANG_WARN_RANGE_LOOP_ANALYSIS = YES;
				CLANG_WARN_STRICT_PROTOTYPES = YES;
				CLANG_WARN_SUSPICIOUS_MOVE = YES;
				CLANG_WARN_UNGUARDED_AVAILABILITY = YES_AGGRESSIVE;
				CLANG_WARN_UNREACHABLE_CODE = YES;
				CLANG_WARN__DUPLICATE_METHOD_MATCH = YES;
				COPY_PHASE_STRIP = NO;
				DEBUG_INFORMATION_FORMAT = "dwarf-with-dsym";
				ENABLE_NS_ASSERTIONS = NO;
				ENABLE_STRICT_OBJC_MSGSEND = YES;
				GCC_C_LANGUAGE_STANDARD = gnu11;
				GCC_NO_COMMON_BLOCKS = YES;
				GCC_WARN_64_TO_32_BIT_CONVERSION = YES;
				GCC_WARN_ABOUT_RETURN_TYPE = YES_ERROR;
				GCC_WARN_UNDECLARED_SELECTOR = YES;
				GCC_WARN_UNINITIALIZED_AUTOS = YES_AGGRESSIVE;
				GCC_WARN_UNUSED_FUNCTION = YES;
				GCC_WARN_UNUSED_VARIABLE = YES;
				IPHONEOS_DEPLOYMENT_TARGET = 14.5;
				MTL_ENABLE_DEBUG_INFO = NO;
				MTL_FAST_MATH = YES;
				SDKROOT = iphoneos;
				SWIFT_COMPILATION_MODE = wholemodule;
				SWIFT_OPTIMIZATION_LEVEL = "-O";
				VALIDATE_PRODUCT = YES;
			};
			name = Release;
		};
		76ED8D8126D8D8B4002FD6EF /* Debug */ = {
			isa = XCBuildConfiguration;
			buildSettings = {
				ASSETCATALOG_COMPILER_APPICON_NAME = AppIcon;
				ASSETCATALOG_COMPILER_GLOBAL_ACCENT_COLOR_NAME = AccentColor;
				CODE_SIGN_STYLE = Automatic;
				INFOPLIST_FILE = MVP/Info.plist;
				LD_RUNPATH_SEARCH_PATHS = (
					"$(inherited)",
					"@executable_path/Frameworks",
				);
				PRODUCT_BUNDLE_IDENTIFIER = Software.MVP;
				PRODUCT_NAME = "$(TARGET_NAME)";
				SWIFT_VERSION = 5.0;
				TARGETED_DEVICE_FAMILY = "1,2";
			};
			name = Debug;
		};
		76ED8D8226D8D8B4002FD6EF /* Release */ = {
			isa = XCBuildConfiguration;
			buildSettings = {
				ASSETCATALOG_COMPILER_APPICON_NAME = AppIcon;
				ASSETCATALOG_COMPILER_GLOBAL_ACCENT_COLOR_NAME = AccentColor;
				CODE_SIGN_STYLE = Automatic;
				INFOPLIST_FILE = MVP/Info.plist;
				LD_RUNPATH_SEARCH_PATHS = (
					"$(inherited)",
					"@executable_path/Frameworks",
				);
				PRODUCT_BUNDLE_IDENTIFIER = Software.MVP;
				PRODUCT_NAME = "$(TARGET_NAME)";
				SWIFT_VERSION = 5.0;
				TARGETED_DEVICE_FAMILY = "1,2";
			};
			name = Release;
		};
/* End XCBuildConfiguration section */

/* Begin XCConfigurationList section */
		76ED8D6726D8D8B2002FD6EF /* Build configuration list for PBXProject "MVP" */ = {
			isa = XCConfigurationList;
			buildConfigurations = (
				76ED8D7E26D8D8B4002FD6EF /* Debug */,
				76ED8D7F26D8D8B4002FD6EF /* Release */,
			);
			defaultConfigurationIsVisible = 0;
			defaultConfigurationName = Release;
		};
		76ED8D8026D8D8B4002FD6EF /* Build configuration list for PBXNativeTarget "MVP" */ = {
			isa = XCConfigurationList;
			buildConfigurations = (
				76ED8D8126D8D8B4002FD6EF /* Debug */,
				76ED8D8226D8D8B4002FD6EF /* Release */,
			);
			defaultConfigurationIsVisible = 0;
			defaultConfigurationName = Release;
		};
/* End XCConfigurationList section */
	};
	rootObject = 76ED8D6426D8D8B2002FD6EF /* Project object */;
}
